# THIS IS AN AUTOGENERATED FILE. DO NOT EDIT THIS FILE DIRECTLY.
assets/.dat.nosyncd4c0.bgUhR4:
  development: 2018-05-21T07:17:05-04:00
assets/app.js:
  development: 2018-05-30T03:42:34-04:00   5dfa60e1a2eb3153d053330ce018df6e
assets/arrow.svg:
  development: 2018-05-21T07:17:06-04:00   930bf2f01aa899fe171dd838fa8de659
assets/check.svg:
  development: 2018-05-16T09:31:08-04:00   f9b2ff06f86d47af4609735817c5a6bf
assets/globo.filter.css:
  development: 2018-05-27T06:29:15-04:00   781336b38d48dc759403840fc68203e4
assets/globofilter.init.js:
  development: 2018-05-27T06:29:13-04:00   f4e197de10cd78f5caf034da226a5ce1
assets/main.css:
  development: 2018-05-30T03:45:25-04:00   f5dc75d1f9cdef9430b85e150616fdb9
assets/minus.svg:
  development: 2018-05-16T05:08:07-04:00   bddc4129a5a02f43503cf1af513deb91
assets/mix-manifest.json:
  development: 2018-05-16T07:53:17-04:00   fc41c533704ef157270f95fd4bc50b43
assets/plus.svg:
  development: 2018-05-14T09:32:31-04:00   120f14d2e62ae4bb4fcb698459ba63c2
assets/v3.globo.filter.lib.js:
  development: 2018-05-30T03:40:28-04:00   cc13ae8f681a8fea983a1de678c7ad58
config/settings_data.json:
  development: 2018-05-09T06:54:14-04:00   fe75d34743f726c8bb511205c7273fc5
config/settings_schema.json:
  development: 2018-05-18T05:34:15-04:00   42740b6a7fa1d3247cd356eb84859658
layout/theme.liquid:
  development: 2018-05-29T09:49:21-04:00   1b72aa425189e6c1007d3dbd38106c24
locales/en.default.json:
  development: 2018-05-27T06:29:24-04:00   6fc35d02546c0026df65a97bc960228e
sections/filter-menu-settings.liquid:
  development: 2018-05-18T04:46:26-04:00   91e105c3bafc18658e52c10beef12342
sections/new-arrivals.liquid:
  development: 2018-05-29T08:03:01-04:00   774c846bce3190b2bc10cfb7bb13daa1
snippets/arrow-icon.liquid:
  development: 2018-05-21T07:19:00-04:00   00919fcbdedaa0c167e736a8731ab518
snippets/footer.liquid:
  development: 2018-05-29T12:31:52-04:00   69c33aa29f40ef30e862f75e70f20c2c
snippets/globo.filter.script.liquid:
  development: 2018-05-27T07:03:31-04:00   fd844cd2710e2afa0d5813ff32c11464
snippets/globofilter-product-grid.liquid:
  development: 2018-05-27T07:14:25-04:00   09abd76436306caf313ca85bcdebb079
snippets/globofilter_pagination.liquid:
  development: 2018-05-27T06:29:17-04:00   fe906630697e645718e2cfefac0d5700
snippets/globofilter_sort.liquid:
  development: 2018-05-27T06:29:17-04:00   c97f0249a77adf2bc150c81ceefeb828
snippets/header.liquid:
  development: 2018-05-15T07:40:24-04:00   90a5e81875222ff19a4d4c4ef8aa7d66
snippets/logo.liquid:
  development: 2018-05-14T08:52:42-04:00   37869f671392d26d58d6f820b633df65
snippets/minus.liquid:
  development: 2018-05-16T05:08:40-04:00   0498b6f358f64423945637be9016aa76
snippets/navigation.liquid:
  development: 2018-05-16T05:09:11-04:00   14918e1ebf00083549634ac8751dbe2a
snippets/plus.liquid:
  development: 2018-05-14T09:32:35-04:00   120f14d2e62ae4bb4fcb698459ba63c2
snippets/product-card-black.liquid:
  development: 2018-05-21T07:31:24-04:00   e0b44e7996f52af7806ab4a2ac5e7685
snippets/related-products.liquid:
  development: 2018-05-21T06:26:03-04:00   98bc41a7dff3460cb6bbb90463d33d3c
snippets/search-form.liquid:
  development: 2018-05-15T06:29:25-04:00   4b64a7f68cbfaabbfaa55374f92b99d0
snippets/search-icon.liquid:
  development: 2018-05-15T05:56:39-04:00   3618af759aff8e9961f8087ae219fa57
snippets/seperator.liquid:
  development: 2018-05-29T10:31:47-04:00   e8374956ae02ba6cf964bf9acd346db0
templates/404.liquid:
  development: 2018-05-09T06:54:13-04:00   44a6b0129de575e7085a047bc2096a76
templates/article.liquid:
  development: 2018-05-22T04:27:24-04:00   3dd678242aff72b369a8b33657817cc4
templates/blog.liquid:
  development: 2018-05-29T10:36:25-04:00   a290b296d6cb49b54a2d6c291253a5d7
templates/cart.liquid:
  development: 2018-05-22T08:07:21-04:00   1eccc62928b5a4180dbc46e3b546689f
templates/collection.liquid:
  development: 2018-05-27T06:36:24-04:00   35b456e60a90c33129334161ee6e983f
templates/collection.list.liquid:
  development: 2018-05-14T06:14:42-04:00
templates/collection_globofilterbackup.liquid:
  development: 2018-05-27T06:29:21-04:00   a17f7c47aca418588789362f06349c83
templates/customers/account.liquid:
  development: 2018-05-09T06:54:14-04:00   da9e3584ef6699ac5c811b73b42c58db
templates/customers/activate_account.liquid:
  development: 2018-05-09T06:54:14-04:00   d92bfce42f05a75de2f61cb6ba433e69
templates/customers/addresses.liquid:
  development: 2018-05-09T06:54:14-04:00   998f4a7deb6a33d014cbc3f0075b8050
templates/customers/login.liquid:
  development: 2018-05-09T06:54:14-04:00   e292c0a273f17c7835d558e1b61149cf
templates/customers/order.liquid:
  development: 2018-05-09T06:54:14-04:00   e3ec01e9286bf4daa7b5a3a7bbe8479c
templates/customers/register.liquid:
  development: 2018-05-14T06:14:19-04:00
templates/customers/reset_password.liquid:
  development: 2018-05-09T06:54:14-04:00   66ba7b680ca26b2eba0f162d4122d94c
templates/gift_card.liquid:
  development: 2018-05-09T06:54:14-04:00   c1ae0f8232e003fac57213d1353e513c
templates/index.liquid:
  development: 2018-05-29T10:31:32-04:00   5efc41af307251dae57f3454305934e0
templates/list-collections.liquid:
  development: 2018-05-09T06:54:14-04:00   380da281c4820602d95334029b03aa84
templates/page.about.liquid:
  development: 2018-05-29T05:27:03-04:00   6adb1daad3ef430dbe109aaa69f7346b
templates/page.contact.liquid:
  development: 2018-05-29T05:26:54-04:00   78216674bd1f578236cdf70448924e46
templates/page.designers.liquid:
  development: 2018-05-29T04:03:21-04:00   7c8f46988e2d1a72e345cd9ea286057d
templates/page.henrik.liquid:
  development: 2018-05-29T05:23:41-04:00   30681f9adae4e8ed95d47347f3971efc
templates/page.jobs.liquid:
  development: 2018-05-29T05:21:49-04:00   2532295e9ab273cb387404fac7fdbcd4
templates/page.liquid:
  development: 2018-05-29T05:19:51-04:00   9b2a653abfa62cb55d4b130212994b9d
templates/page.lookbook.liquid:
  development: 2018-05-15T04:20:55-04:00
templates/page.terms.liquid:
  development: 2018-05-17T08:04:32-04:00   ea9f24b7a928108965e687d52c5bb9e8
templates/product.gf_quickview.liquid:
  development: 2018-05-27T06:29:18-04:00   ab91c640657c5979a4bded661b8f8881
templates/product.liquid:
  development: 2018-05-29T03:11:20-04:00   5ed0415590c36f97d496e75b0ae69055
templates/search.liquid:
  development: 2018-05-09T06:54:14-04:00   3926b96d4d14c2cd8409e56f7cc6d6e0
