# THIS IS AN AUTOGENERATED FILE. DO NOT EDIT THIS FILE DIRECTLY.
assets/annie.css:
  development: 2018-05-16T07:42:29-04:00   36f9650a8be46e9b905eb7bcf7bc9f62
assets/app.js:
  development: 2018-05-17T06:26:21-04:00   28d33bfc1d19dc454013cb0a18b51779
assets/check.svg:
  development: 2018-05-16T09:31:08-04:00   f9b2ff06f86d47af4609735817c5a6bf
assets/main.css:
  development: 2018-05-17T08:04:00-04:00   450576e74e21e1cbb350e79c59f22131
assets/minus.svg:
  development: 2018-05-16T05:08:07-04:00   bddc4129a5a02f43503cf1af513deb91
assets/mix-manifest.json:
  development: 2018-05-16T07:53:17-04:00   fc41c533704ef157270f95fd4bc50b43
assets/plus.svg:
  development: 2018-05-14T09:32:31-04:00   120f14d2e62ae4bb4fcb698459ba63c2
config/settings_data.json:
  development: 2018-05-09T06:54:14-04:00   fe75d34743f726c8bb511205c7273fc5
config/settings_schema.json:
  development: 2018-05-09T06:54:14-04:00   4de50d8b26c23ea835a23162e448572d
layout/theme.liquid:
  development: 2018-05-16T10:57:46-04:00   8ad7aee402d29d3422a40324adb3b716
locales/en.default.json:
  development: 2018-05-09T06:54:12-04:00   0a791f30da40a2af3f9b331f7d3ec7fe
snippets/header.liquid:
  development: 2018-05-15T07:40:24-04:00   90a5e81875222ff19a4d4c4ef8aa7d66
snippets/logo.liquid:
  development: 2018-05-14T08:52:42-04:00   37869f671392d26d58d6f820b633df65
snippets/minus.liquid:
  development: 2018-05-16T05:08:40-04:00   0498b6f358f64423945637be9016aa76
snippets/navigation.liquid:
  development: 2018-05-16T05:09:11-04:00   14918e1ebf00083549634ac8751dbe2a
snippets/plus.liquid:
  development: 2018-05-14T09:32:35-04:00   120f14d2e62ae4bb4fcb698459ba63c2
snippets/search-form.liquid:
  development: 2018-05-15T06:29:25-04:00   4b64a7f68cbfaabbfaa55374f92b99d0
snippets/search-icon.liquid:
  development: 2018-05-15T05:56:39-04:00   3618af759aff8e9961f8087ae219fa57
templates/404.liquid:
  development: 2018-05-09T06:54:13-04:00   44a6b0129de575e7085a047bc2096a76
templates/article.liquid:
  development: 2018-05-09T06:54:13-04:00   ff67120cd7978f6390cdb79827f34d02
templates/blog.liquid:
  development: 2018-05-14T06:14:32-04:00
templates/cart.liquid:
  development: 2018-05-09T06:54:13-04:00   49bbbe1b3bda19110f7e72abc158bb91
templates/collection.liquid:
  development: 2018-05-17T04:47:37-04:00   63cfeadbc33bce2321eea8bcee39e3f8
templates/collection.list.liquid:
  development: 2018-05-14T06:14:42-04:00
templates/customers/account.liquid:
  development: 2018-05-09T06:54:14-04:00   da9e3584ef6699ac5c811b73b42c58db
templates/customers/activate_account.liquid:
  development: 2018-05-09T06:54:14-04:00   d92bfce42f05a75de2f61cb6ba433e69
templates/customers/addresses.liquid:
  development: 2018-05-09T06:54:14-04:00   998f4a7deb6a33d014cbc3f0075b8050
templates/customers/login.liquid:
  development: 2018-05-09T06:54:14-04:00   e292c0a273f17c7835d558e1b61149cf
templates/customers/order.liquid:
  development: 2018-05-09T06:54:14-04:00   e3ec01e9286bf4daa7b5a3a7bbe8479c
templates/customers/register.liquid:
  development: 2018-05-14T06:14:19-04:00
templates/customers/reset_password.liquid:
  development: 2018-05-09T06:54:14-04:00   66ba7b680ca26b2eba0f162d4122d94c
templates/gift_card.liquid:
  development: 2018-05-09T06:54:14-04:00   c1ae0f8232e003fac57213d1353e513c
templates/index.liquid:
  development: 2018-05-14T06:21:42-04:00   6bf07cf0bd788291c5fde9cb082efbfb
templates/list-collections.liquid:
  development: 2018-05-09T06:54:14-04:00   380da281c4820602d95334029b03aa84
templates/page.about.liquid:
  development: 2018-05-17T07:59:12-04:00   e2bdef08a3ecfadca2221e75163e759d
templates/page.contact.liquid:
  development: 2018-05-17T07:59:23-04:00   f4866342a6e02fd526e726c561d438ea
templates/page.henrik.liquid:
  development: 2018-05-17T08:10:08-04:00   739a1b16c58a92ce18c398b085cafead
templates/page.liquid:
  development: 2018-05-09T06:54:14-04:00   32faec183321b6d7d9b4197ec3e05575
templates/page.lookbook.liquid:
  development: 2018-05-15T04:20:55-04:00
templates/page.terms.liquid:
  development: 2018-05-17T08:04:32-04:00   ea9f24b7a928108965e687d52c5bb9e8
templates/product.liquid:
  development: 2018-05-09T06:54:14-04:00   d28aa955b34f4dfe8819338f15981de2
templates/search.liquid:
  development: 2018-05-09T06:54:14-04:00   3926b96d4d14c2cd8409e56f7cc6d6e0
